
Microsoft Visual Studio Solution File, Format Version 12.00
# Visual Studio Version 17
VisualStudioVersion = 17.0.31903.59
MinimumVisualStudioVersion = 10.0.40219.1
Project("{FAE04EC0-301F-11D3-BF4B-00C04F79EFBC}") = "EditorTutorial.Android", "EditorTutorial\EditorTutorial.Android\EditorTutorial.Android.csproj", "{342F841D-DEB4-447D-9863-5FFFAB48C926}"
EndProject
Project("{FAE04EC0-301F-11D3-BF4B-00C04F79EFBC}") = "EditorTutorial.iOS", "EditorTutorial\EditorTutorial.iOS\EditorTutorial.iOS.csproj", "{A0FE7C46-6145-4866-959A-77B6D4556094}"
EndProject
Project("{FAE04EC0-301F-11D3-BF4B-00C04F79EFBC}") = "EditorTutorial", "EditorTutorial\EditorTutorial\EditorTutorial.csproj", "{D8D2DC27-01CC-4B77-81FC-5BF324C43BD1}"
EndProject
Global
	GlobalSection(SolutionConfigurationPlatforms) = preSolution
		Debug|Any CPU = Debug|Any CPU
		Debug|iPhone = Debug|iPhone
		Debug|iPhoneSimulator = Debug|iPhoneSimulator
		Release|Any CPU = Release|Any CPU
		Release|iPhone = Release|iPhone
		Release|iPhoneSimulator = Release|iPhoneSimulator
	EndGlobalSection
	GlobalSection(ProjectConfigurationPlatforms) = postSolution
		{342F841D-DEB4-447D-9863-5FFFAB48C926}.Debug|Any CPU.ActiveCfg = Debug|Any CPU
		{342F841D-DEB4-447D-9863-5FFFAB48C926}.Debug|Any CPU.Build.0 = Debug|Any CPU
		{342F841D-DEB4-447D-9863-5FFFAB48C926}.Debug|Any CPU.Deploy.0 = Debug|Any CPU
		{342F841D-DEB4-447D-9863-5FFFAB48C926}.Debug|iPhone.ActiveCfg = Debug|Any CPU
		{342F841D-DEB4-447D-9863-5FFFAB48C926}.Debug|iPhone.Build.0 = Debug|Any CPU
		{342F841D-DEB4-447D-9863-5FFFAB48C926}.Debug|iPhone.Deploy.0 = Debug|Any CPU
		{342F841D-DEB4-447D-9863-5FFFAB48C926}.Debug|iPhoneSimulator.ActiveCfg = Debug|Any CPU
		{342F841D-DEB4-447D-9863-5FFFAB48C926}.Debug|iPhoneSimulator.Build.0 = Debug|Any CPU
		{342F841D-DEB4-447D-9863-5FFFAB48C926}.Debug|iPhoneSimulator.Deploy.0 = Debug|Any CPU
		{342F841D-DEB4-447D-9863-5FFFAB48C926}.Release|Any CPU.ActiveCfg = Release|Any CPU
		{342F841D-DEB4-447D-9863-5FFFAB48C926}.Release|Any CPU.Build.0 = Release|Any CPU
		{342F841D-DEB4-447D-9863-5FFFAB48C926}.Release|Any CPU.Deploy.0 = Release|Any CPU
		{342F841D-DEB4-447D-9863-5FFFAB48C926}.Release|iPhone.ActiveCfg = Release|Any CPU
		{342F841D-DEB4-447D-9863-5FFFAB48C926}.Release|iPhone.Build.0 = Release|Any CPU
		{342F841D-DEB4-447D-9863-5FFFAB48C926}.Release|iPhone.Deploy.0 = Release|Any CPU
		{342F841D-DEB4-447D-9863-5FFFAB48C926}.Release|iPhoneSimulator.ActiveCfg = Release|Any CPU
		{342F841D-DEB4-447D-9863-5FFFAB48C926}.Release|iPhoneSimulator.Build.0 = Release|Any CPU
		{342F841D-DEB4-447D-9863-5FFFAB48C926}.Release|iPhoneSimulator.Deploy.0 = Release|Any CPU
		{A0FE7C46-6145-4866-959A-77B6D4556094}.Debug|Any CPU.ActiveCfg = Debug|iPhone
		{A0FE7C46-6145-4866-959A-77B6D4556094}.Debug|Any CPU.Build.0 = Debug|iPhone
		{A0FE7C46-6145-4866-959A-77B6D4556094}.Debug|Any CPU.Deploy.0 = Debug|iPhone
		{A0FE7C46-6145-4866-959A-77B6D4556094}.Debug|iPhone.ActiveCfg = Debug|iPhone
		{A0FE7C46-6145-4866-959A-77B6D4556094}.Debug|iPhone.Build.0 = Debug|iPhone
		{A0FE7C46-6145-4866-959A-77B6D4556094}.Debug|iPhone.Deploy.0 = Debug|iPhone
		{A0FE7C46-6145-4866-959A-77B6D4556094}.Debug|iPhoneSimulator.ActiveCfg = Debug|iPhoneSimulator
		{A0FE7C46-6145-4866-959A-77B6D4556094}.Debug|iPhoneSimulator.Build.0 = Debug|iPhoneSimulator
		{A0FE7C46-6145-4866-959A-77B6D4556094}.Debug|iPhoneSimulator.Deploy.0 = Debug|iPhoneSimulator
		{A0FE7C46-6145-4866-959A-77B6D4556094}.Release|Any CPU.ActiveCfg = Release|iPhoneSimulator
		{A0FE7C46-6145-4866-959A-77B6D4556094}.Release|Any CPU.Build.0 = Release|iPhoneSimulator
		{A0FE7C46-6145-4866-959A-77B6D4556094}.Release|Any CPU.Deploy.0 = Release|iPhoneSimulator
		{A0FE7C46-6145-4866-959A-77B6D4556094}.Release|iPhone.ActiveCfg = Release|iPhone
		{A0FE7C46-6145-4866-959A-77B6D4556094}.Release|iPhone.Build.0 = Release|iPhone
		{A0FE7C46-6145-4866-959A-77B6D4556094}.Release|iPhone.Deploy.0 = Release|iPhone
		{A0FE7C46-6145-4866-959A-77B6D4556094}.Release|iPhoneSimulator.ActiveCfg = Release|iPhoneSimulator
		{A0FE7C46-6145-4866-959A-77B6D4556094}.Release|iPhoneSimulator.Build.0 = Release|iPhoneSimulator
		{A0FE7C46-6145-4866-959A-77B6D4556094}.Release|iPhoneSimulator.Deploy.0 = Release|iPhoneSimulator
		{D8D2DC27-01CC-4B77-81FC-5BF324C43BD1}.Debug|Any CPU.ActiveCfg = Debug|Any CPU
		{D8D2DC27-01CC-4B77-81FC-5BF324C43BD1}.Debug|Any CPU.Build.0 = Debug|Any CPU
		{D8D2DC27-01CC-4B77-81FC-5BF324C43BD1}.Debug|Any CPU.Deploy.0 = Debug|Any CPU
		{D8D2DC27-01CC-4B77-81FC-5BF324C43BD1}.Debug|iPhone.ActiveCfg = Debug|Any CPU
		{D8D2DC27-01CC-4B77-81FC-5BF324C43BD1}.Debug|iPhone.Build.0 = Debug|Any CPU
		{D8D2DC27-01CC-4B77-81FC-5BF324C43BD1}.Debug|iPhone.Deploy.0 = Debug|Any CPU
		{D8D2DC27-01CC-4B77-81FC-5BF324C43BD1}.Debug|iPhoneSimulator.ActiveCfg = Debug|Any CPU
		{D8D2DC27-01CC-4B77-81FC-5BF324C43BD1}.Debug|iPhoneSimulator.Build.0 = Debug|Any CPU
		{D8D2DC27-01CC-4B77-81FC-5BF324C43BD1}.Debug|iPhoneSimulator.Deploy.0 = Debug|Any CPU
		{D8D2DC27-01CC-4B77-81FC-5BF324C43BD1}.Release|Any CPU.ActiveCfg = Release|Any CPU
		{D8D2DC27-01CC-4B77-81FC-5BF324C43BD1}.Release|Any CPU.Build.0 = Release|Any CPU
		{D8D2DC27-01CC-4B77-81FC-5BF324C43BD1}.Release|Any CPU.Deploy.0 = Release|Any CPU
		{D8D2DC27-01CC-4B77-81FC-5BF324C43BD1}.Release|iPhone.ActiveCfg = Release|Any CPU
		{D8D2DC27-01CC-4B77-81FC-5BF324C43BD1}.Release|iPhone.Build.0 = Release|Any CPU
		{D8D2DC27-01CC-4B77-81FC-5BF324C43BD1}.Release|iPhone.Deploy.0 = Release|Any CPU
		{D8D2DC27-01CC-4B77-81FC-5BF324C43BD1}.Release|iPhoneSimulator.ActiveCfg = Release|Any CPU
		{D8D2DC27-01CC-4B77-81FC-5BF324C43BD1}.Release|iPhoneSimulator.Build.0 = Release|Any CPU
		{D8D2DC27-01CC-4B77-81FC-5BF324C43BD1}.Release|iPhoneSimulator.Deploy.0 = Release|Any CPU
	EndGlobalSection
	GlobalSection(SolutionProperties) = preSolution
		HideSolutionNode = FALSE
	EndGlobalSection
	GlobalSection(ExtensibilityGlobals) = postSolution
		SolutionGuid = {9D3CD014-9D3C-499B-9516-F298754F3386}
	EndGlobalSection
EndGlobal
